("quicklisp" .
 (:class qlot.source.ql:source-ql-all
  :initargs (:project-name "quicklisp" :%version :latest)
  :version "2016-06-28"))
("alexandria" .
 (:class qlot.source.ql:source-ql
  :initargs (:project-name "alexandria" :%version :latest)
  :version "ql-2016-06-28"))
("cl-fad" .
 (:class qlot.source.ql:source-ql
  :initargs (:project-name "cl-fad" :%version :latest)
  :version "ql-2016-06-28"))
("s-xml" .
 (:class qlot.source.ql:source-ql
  :initargs (:project-name "s-xml" :%version :latest)
  :version "ql-2016-06-28"))
("s-sysdeps" .
 (:class qlot.source.ql:source-ql
  :initargs (:project-name "s-sysdeps" :%version :latest)
  :version "ql-2016-06-28"))
("cl-ppcre" .
 (:class qlot.source.ql:source-ql
  :initargs (:project-name "cl-ppcre" :%version :latest)
  :version "ql-2016-06-28"))
("s-serialization" .
 (:class qlot.source.github:source-github
  :initargs (:project-name "s-serialization" :repos "yanqirenshi/s-serialization" :ref nil :branch nil :tag nil)
  :version "github-154a41b2a81153301422e560b6ea21635c1086b6"
  :repos "yanqirenshi/s-serialization"
  :url "https://github.com/yanqirenshi/s-serialization/archive/154a41b2a81153301422e560b6ea21635c1086b6.tar.gz"
  :ref "154a41b2a81153301422e560b6ea21635c1086b6"))
